
Microsoft Visual Studio Solution File, Format Version 12.00
# Visual Studio Version 16
VisualStudioVersion = 16.0.29424.173
MinimumVisualStudioVersion = 10.0.40219.1
Project("{2150E333-8FDC-42A3-9474-1A3956D46DE8}") = "src", "src", "{E2028C51-5FDC-411B-B9E2-C7C93C929393}"
EndProject
Project("{9A19103F-16F7-4668-BE54-9A1E7A4F7556}") = "X", "X\X.csproj", "{AC1C2BB2-8717-42DB-8C4D-8E4BD3638BF8}"
EndProject
Project("{9A19103F-16F7-4668-BE54-9A1E7A4F7556}") = "X.Log4Net", "X.Log4Net\X.Log4Net.csproj", "{867A2A42-37B1-4EA4-8CFF-F16DB1E4350D}"
EndProject
Project("{9A19103F-16F7-4668-BE54-9A1E7A4F7556}") = "X.Swagger", "X.Swagger\X.Swagger.csproj", "{F9671998-8A0B-404E-A627-97975E86A4BD}"
EndProject
Project("{9A19103F-16F7-4668-BE54-9A1E7A4F7556}") = "X.MiniProfiler", "X.MiniProfiler\X.MiniProfiler.csproj", "{025035FA-D030-4B6E-BB87-C17ADC72BCAB}"
EndProject
Project("{2150E333-8FDC-42A3-9474-1A3956D46DE8}") = "testweb", "testweb", "{5ED87590-4406-4273-B51C-07DD6B92A8BE}"
EndProject
Project("{9A19103F-16F7-4668-BE54-9A1E7A4F7556}") = "miniprefile", "miniprefile\miniprefile.csproj", "{873C9EA3-B30E-419E-B721-D8235237EFA9}"
EndProject
Project("{9A19103F-16F7-4668-BE54-9A1E7A4F7556}") = "miniprefileweb", "miniprefileweb\miniprefileweb.csproj", "{85D99EE0-D673-47A3-BB26-95A7A78C1F53}"
EndProject
Project("{9A19103F-16F7-4668-BE54-9A1E7A4F7556}") = "X.AspNetCore", "X.AspNetCore\X.AspNetCore.csproj", "{37A1C3A2-537B-4E71-9803-1EAB26E6EF0E}"
EndProject
Project("{9A19103F-16F7-4668-BE54-9A1E7A4F7556}") = "X.Tests", "X.Tests\X.Tests.csproj", "{6B583FB7-B863-4F8D-BBDA-C8156166CF38}"
EndProject
Project("{9A19103F-16F7-4668-BE54-9A1E7A4F7556}") = "X.EntityFrameworkCore", "X.EntityFrameworkCore\X.EntityFrameworkCore.csproj", "{7A35CFCA-77A6-408F-9F39-47DDBCEC627A}"
EndProject
Project("{9A19103F-16F7-4668-BE54-9A1E7A4F7556}") = "X.AutoMapper", "X.AutoMapper\X.AutoMapper.csproj", "{9085CFEC-965A-413E-A514-2B460D3B3BED}"
EndProject
Project("{9A19103F-16F7-4668-BE54-9A1E7A4F7556}") = "AutoMapperWeb", "AutoMapperWeb\AutoMapperWeb.csproj", "{00E8083C-B4AD-4D5B-A8F3-CBED198026C2}"
EndProject
Project("{9A19103F-16F7-4668-BE54-9A1E7A4F7556}") = "ef", "ef\ef.csproj", "{E3179FE4-2176-4343-BC7A-BA605E44607C}"
EndProject
Project("{9A19103F-16F7-4668-BE54-9A1E7A4F7556}") = "X.EntityFrameworkCore.SqlServer", "X.EntityFrameworkCore.SqlServer\X.EntityFrameworkCore.SqlServer.csproj", "{1D54FDFE-E180-40D0-B7B4-893B57D69225}"
EndProject
Project("{9A19103F-16F7-4668-BE54-9A1E7A4F7556}") = "X.Demo.Core", "X.Demo.Core\X.Demo.Core.csproj", "{4D3B91A6-D108-4D11-A54A-4C2EA5EF07EA}"
EndProject
Project("{FAE04EC0-301F-11D3-BF4B-00C04F79EFBC}") = "X.Demo.EntityConfiguration", "X.Demo.EntityConfiguration\X.Demo.EntityConfiguration.csproj", "{B19AA21A-A03E-4D95-9981-2A6B13A2B0A9}"
EndProject
Project("{9A19103F-16F7-4668-BE54-9A1E7A4F7556}") = "X.Web", "X.Web\X.Web.csproj", "{67D22B10-6E1B-46F9-9676-11AA4311FB83}"
EndProject
Global
	GlobalSection(SolutionConfigurationPlatforms) = preSolution
		Debug|Any CPU = Debug|Any CPU
		Release|Any CPU = Release|Any CPU
	EndGlobalSection
	GlobalSection(ProjectConfigurationPlatforms) = postSolution
		{AC1C2BB2-8717-42DB-8C4D-8E4BD3638BF8}.Debug|Any CPU.ActiveCfg = Debug|Any CPU
		{AC1C2BB2-8717-42DB-8C4D-8E4BD3638BF8}.Debug|Any CPU.Build.0 = Debug|Any CPU
		{AC1C2BB2-8717-42DB-8C4D-8E4BD3638BF8}.Release|Any CPU.ActiveCfg = Release|Any CPU
		{AC1C2BB2-8717-42DB-8C4D-8E4BD3638BF8}.Release|Any CPU.Build.0 = Release|Any CPU
		{867A2A42-37B1-4EA4-8CFF-F16DB1E4350D}.Debug|Any CPU.ActiveCfg = Debug|Any CPU
		{867A2A42-37B1-4EA4-8CFF-F16DB1E4350D}.Debug|Any CPU.Build.0 = Debug|Any CPU
		{867A2A42-37B1-4EA4-8CFF-F16DB1E4350D}.Release|Any CPU.ActiveCfg = Release|Any CPU
		{867A2A42-37B1-4EA4-8CFF-F16DB1E4350D}.Release|Any CPU.Build.0 = Release|Any CPU
		{F9671998-8A0B-404E-A627-97975E86A4BD}.Debug|Any CPU.ActiveCfg = Debug|Any CPU
		{F9671998-8A0B-404E-A627-97975E86A4BD}.Debug|Any CPU.Build.0 = Debug|Any CPU
		{F9671998-8A0B-404E-A627-97975E86A4BD}.Release|Any CPU.ActiveCfg = Release|Any CPU
		{F9671998-8A0B-404E-A627-97975E86A4BD}.Release|Any CPU.Build.0 = Release|Any CPU
		{025035FA-D030-4B6E-BB87-C17ADC72BCAB}.Debug|Any CPU.ActiveCfg = Debug|Any CPU
		{025035FA-D030-4B6E-BB87-C17ADC72BCAB}.Debug|Any CPU.Build.0 = Debug|Any CPU
		{025035FA-D030-4B6E-BB87-C17ADC72BCAB}.Release|Any CPU.ActiveCfg = Release|Any CPU
		{025035FA-D030-4B6E-BB87-C17ADC72BCAB}.Release|Any CPU.Build.0 = Release|Any CPU
		{873C9EA3-B30E-419E-B721-D8235237EFA9}.Debug|Any CPU.ActiveCfg = Debug|Any CPU
		{873C9EA3-B30E-419E-B721-D8235237EFA9}.Debug|Any CPU.Build.0 = Debug|Any CPU
		{873C9EA3-B30E-419E-B721-D8235237EFA9}.Release|Any CPU.ActiveCfg = Release|Any CPU
		{873C9EA3-B30E-419E-B721-D8235237EFA9}.Release|Any CPU.Build.0 = Release|Any CPU
		{85D99EE0-D673-47A3-BB26-95A7A78C1F53}.Debug|Any CPU.ActiveCfg = Debug|Any CPU
		{85D99EE0-D673-47A3-BB26-95A7A78C1F53}.Debug|Any CPU.Build.0 = Debug|Any CPU
		{85D99EE0-D673-47A3-BB26-95A7A78C1F53}.Release|Any CPU.ActiveCfg = Release|Any CPU
		{85D99EE0-D673-47A3-BB26-95A7A78C1F53}.Release|Any CPU.Build.0 = Release|Any CPU
		{37A1C3A2-537B-4E71-9803-1EAB26E6EF0E}.Debug|Any CPU.ActiveCfg = Debug|Any CPU
		{37A1C3A2-537B-4E71-9803-1EAB26E6EF0E}.Debug|Any CPU.Build.0 = Debug|Any CPU
		{37A1C3A2-537B-4E71-9803-1EAB26E6EF0E}.Release|Any CPU.ActiveCfg = Release|Any CPU
		{37A1C3A2-537B-4E71-9803-1EAB26E6EF0E}.Release|Any CPU.Build.0 = Release|Any CPU
		{6B583FB7-B863-4F8D-BBDA-C8156166CF38}.Debug|Any CPU.ActiveCfg = Debug|Any CPU
		{6B583FB7-B863-4F8D-BBDA-C8156166CF38}.Debug|Any CPU.Build.0 = Debug|Any CPU
		{6B583FB7-B863-4F8D-BBDA-C8156166CF38}.Release|Any CPU.ActiveCfg = Release|Any CPU
		{6B583FB7-B863-4F8D-BBDA-C8156166CF38}.Release|Any CPU.Build.0 = Release|Any CPU
		{7A35CFCA-77A6-408F-9F39-47DDBCEC627A}.Debug|Any CPU.ActiveCfg = Debug|Any CPU
		{7A35CFCA-77A6-408F-9F39-47DDBCEC627A}.Debug|Any CPU.Build.0 = Debug|Any CPU
		{7A35CFCA-77A6-408F-9F39-47DDBCEC627A}.Release|Any CPU.ActiveCfg = Release|Any CPU
		{7A35CFCA-77A6-408F-9F39-47DDBCEC627A}.Release|Any CPU.Build.0 = Release|Any CPU
		{9085CFEC-965A-413E-A514-2B460D3B3BED}.Debug|Any CPU.ActiveCfg = Debug|Any CPU
		{9085CFEC-965A-413E-A514-2B460D3B3BED}.Debug|Any CPU.Build.0 = Debug|Any CPU
		{9085CFEC-965A-413E-A514-2B460D3B3BED}.Release|Any CPU.ActiveCfg = Release|Any CPU
		{9085CFEC-965A-413E-A514-2B460D3B3BED}.Release|Any CPU.Build.0 = Release|Any CPU
		{00E8083C-B4AD-4D5B-A8F3-CBED198026C2}.Debug|Any CPU.ActiveCfg = Debug|Any CPU
		{00E8083C-B4AD-4D5B-A8F3-CBED198026C2}.Debug|Any CPU.Build.0 = Debug|Any CPU
		{00E8083C-B4AD-4D5B-A8F3-CBED198026C2}.Release|Any CPU.ActiveCfg = Release|Any CPU
		{00E8083C-B4AD-4D5B-A8F3-CBED198026C2}.Release|Any CPU.Build.0 = Release|Any CPU
		{E3179FE4-2176-4343-BC7A-BA605E44607C}.Debug|Any CPU.ActiveCfg = Debug|Any CPU
		{E3179FE4-2176-4343-BC7A-BA605E44607C}.Debug|Any CPU.Build.0 = Debug|Any CPU
		{E3179FE4-2176-4343-BC7A-BA605E44607C}.Release|Any CPU.ActiveCfg = Release|Any CPU
		{E3179FE4-2176-4343-BC7A-BA605E44607C}.Release|Any CPU.Build.0 = Release|Any CPU
		{1D54FDFE-E180-40D0-B7B4-893B57D69225}.Debug|Any CPU.ActiveCfg = Debug|Any CPU
		{1D54FDFE-E180-40D0-B7B4-893B57D69225}.Debug|Any CPU.Build.0 = Debug|Any CPU
		{1D54FDFE-E180-40D0-B7B4-893B57D69225}.Release|Any CPU.ActiveCfg = Release|Any CPU
		{1D54FDFE-E180-40D0-B7B4-893B57D69225}.Release|Any CPU.Build.0 = Release|Any CPU
		{4D3B91A6-D108-4D11-A54A-4C2EA5EF07EA}.Debug|Any CPU.ActiveCfg = Debug|Any CPU
		{4D3B91A6-D108-4D11-A54A-4C2EA5EF07EA}.Debug|Any CPU.Build.0 = Debug|Any CPU
		{4D3B91A6-D108-4D11-A54A-4C2EA5EF07EA}.Release|Any CPU.ActiveCfg = Release|Any CPU
		{4D3B91A6-D108-4D11-A54A-4C2EA5EF07EA}.Release|Any CPU.Build.0 = Release|Any CPU
		{B19AA21A-A03E-4D95-9981-2A6B13A2B0A9}.Debug|Any CPU.ActiveCfg = Debug|Any CPU
		{B19AA21A-A03E-4D95-9981-2A6B13A2B0A9}.Debug|Any CPU.Build.0 = Debug|Any CPU
		{B19AA21A-A03E-4D95-9981-2A6B13A2B0A9}.Release|Any CPU.ActiveCfg = Release|Any CPU
		{B19AA21A-A03E-4D95-9981-2A6B13A2B0A9}.Release|Any CPU.Build.0 = Release|Any CPU
		{67D22B10-6E1B-46F9-9676-11AA4311FB83}.Debug|Any CPU.ActiveCfg = Debug|Any CPU
		{67D22B10-6E1B-46F9-9676-11AA4311FB83}.Debug|Any CPU.Build.0 = Debug|Any CPU
		{67D22B10-6E1B-46F9-9676-11AA4311FB83}.Release|Any CPU.ActiveCfg = Release|Any CPU
		{67D22B10-6E1B-46F9-9676-11AA4311FB83}.Release|Any CPU.Build.0 = Release|Any CPU
	EndGlobalSection
	GlobalSection(SolutionProperties) = preSolution
		HideSolutionNode = FALSE
	EndGlobalSection
	GlobalSection(NestedProjects) = preSolution
		{AC1C2BB2-8717-42DB-8C4D-8E4BD3638BF8} = {E2028C51-5FDC-411B-B9E2-C7C93C929393}
		{867A2A42-37B1-4EA4-8CFF-F16DB1E4350D} = {E2028C51-5FDC-411B-B9E2-C7C93C929393}
		{F9671998-8A0B-404E-A627-97975E86A4BD} = {E2028C51-5FDC-411B-B9E2-C7C93C929393}
		{025035FA-D030-4B6E-BB87-C17ADC72BCAB} = {E2028C51-5FDC-411B-B9E2-C7C93C929393}
		{873C9EA3-B30E-419E-B721-D8235237EFA9} = {5ED87590-4406-4273-B51C-07DD6B92A8BE}
		{85D99EE0-D673-47A3-BB26-95A7A78C1F53} = {5ED87590-4406-4273-B51C-07DD6B92A8BE}
		{37A1C3A2-537B-4E71-9803-1EAB26E6EF0E} = {E2028C51-5FDC-411B-B9E2-C7C93C929393}
		{6B583FB7-B863-4F8D-BBDA-C8156166CF38} = {5ED87590-4406-4273-B51C-07DD6B92A8BE}
		{7A35CFCA-77A6-408F-9F39-47DDBCEC627A} = {E2028C51-5FDC-411B-B9E2-C7C93C929393}
		{9085CFEC-965A-413E-A514-2B460D3B3BED} = {E2028C51-5FDC-411B-B9E2-C7C93C929393}
		{00E8083C-B4AD-4D5B-A8F3-CBED198026C2} = {5ED87590-4406-4273-B51C-07DD6B92A8BE}
		{E3179FE4-2176-4343-BC7A-BA605E44607C} = {5ED87590-4406-4273-B51C-07DD6B92A8BE}
		{1D54FDFE-E180-40D0-B7B4-893B57D69225} = {E2028C51-5FDC-411B-B9E2-C7C93C929393}
	EndGlobalSection
	GlobalSection(ExtensibilityGlobals) = postSolution
		SolutionGuid = {9CB85095-589F-4DFE-A6FC-C77A20BA5758}
	EndGlobalSection
EndGlobal
